<Solution>
  <Folder Name="/src/">
    <Project Path="src/KoreForge.OData/KoreForge.OData.csproj" />
    <Project Path="src/KoreForge.OData.Generators/KoreForge.OData.Generators.csproj" />
  </Folder>
  <Folder Name="/tst/">
    <Project Path="tst/KoreForge.OData.Tests/KoreForge.OData.Tests.csproj" />
    <Project Path="tst/KoreForge.OData.Integration.Tests/KoreForge.OData.Integration.Tests.csproj" />
  </Folder>
</Solution>
